Microsoft Visual Studio Solution File, Format Version 12.00
# Visual Studio 14
VisualStudioVersion = 14.0.25420.1
MinimumVisualStudioVersion = 10.0.40219.1
Project("{8BC9CEB8-8B4A-11D0-8D11-00A0C91BC942}") = "ALL_BUILD", "ALL_BUILD.vcxproj", "{80619711-C990-3FBF-A515-9ECA54BAD054}"
	ProjectSection(ProjectDependencies) = postProject
		{E2232996-5395-3979-8338-DBA93018D40F} = {E2232996-5395-3979-8338-DBA93018D40F}
		{89E09D27-5CD1-3150-ADBB-E479D3C1A854} = {89E09D27-5CD1-3150-ADBB-E479D3C1A854}
		{E9817DB6-26F2-3352-B716-52F89242E667} = {E9817DB6-26F2-3352-B716-52F89242E667}
		{48E40581-658D-3FF0-ABA7-8D2C2FEE598F} = {48E40581-658D-3FF0-ABA7-8D2C2FEE598F}
		{ECBA5200-08ED-38C8-B25D-943C5D739ED4} = {ECBA5200-08ED-38C8-B25D-943C5D739ED4}
		{A7DC8468-4A90-3EBE-8613-554533DAE2AB} = {A7DC8468-4A90-3EBE-8613-554533DAE2AB}
		{C49AB339-3B15-34A8-9664-0746A4B0D466} = {C49AB339-3B15-34A8-9664-0746A4B0D466}
	EndProjectSection
EndProject
Project("{8BC9CEB8-8B4A-11D0-8D11-00A0C91BC942}") = "INSTALL", "INSTALL.vcxproj", "{9577DD28-FF96-32A6-ABF8-A4653323A09C}"
	ProjectSection(ProjectDependencies) = postProject
		{80619711-C990-3FBF-A515-9ECA54BAD054} = {80619711-C990-3FBF-A515-9ECA54BAD054}
		{E2232996-5395-3979-8338-DBA93018D40F} = {E2232996-5395-3979-8338-DBA93018D40F}
	EndProjectSection
EndProject
Project("{8BC9CEB8-8B4A-11D0-8D11-00A0C91BC942}") = "ZERO_CHECK", "ZERO_CHECK.vcxproj", "{E2232996-5395-3979-8338-DBA93018D40F}"
EndProject
Project("{8BC9CEB8-8B4A-11D0-8D11-00A0C91BC942}") = "sfml-audio", "src\SFML\Audio\sfml-audio.vcxproj", "{89E09D27-5CD1-3150-ADBB-E479D3C1A854}"
	ProjectSection(ProjectDependencies) = postProject
		{E2232996-5395-3979-8338-DBA93018D40F} = {E2232996-5395-3979-8338-DBA93018D40F}
		{A7DC8468-4A90-3EBE-8613-554533DAE2AB} = {A7DC8468-4A90-3EBE-8613-554533DAE2AB}
	EndProjectSection
EndProject
Project("{8BC9CEB8-8B4A-11D0-8D11-00A0C91BC942}") = "sfml-graphics", "src\SFML\Graphics\sfml-graphics.vcxproj", "{E9817DB6-26F2-3352-B716-52F89242E667}"
	ProjectSection(ProjectDependencies) = postProject
		{E2232996-5395-3979-8338-DBA93018D40F} = {E2232996-5395-3979-8338-DBA93018D40F}
		{A7DC8468-4A90-3EBE-8613-554533DAE2AB} = {A7DC8468-4A90-3EBE-8613-554533DAE2AB}
		{C49AB339-3B15-34A8-9664-0746A4B0D466} = {C49AB339-3B15-34A8-9664-0746A4B0D466}
	EndProjectSection
EndProject
Project("{8BC9CEB8-8B4A-11D0-8D11-00A0C91BC942}") = "sfml-main", "src\SFML\Main\sfml-main.vcxproj", "{48E40581-658D-3FF0-ABA7-8D2C2FEE598F}"
	ProjectSection(ProjectDependencies) = postProject
		{E2232996-5395-3979-8338-DBA93018D40F} = {E2232996-5395-3979-8338-DBA93018D40F}
	EndProjectSection
EndProject
Project("{8BC9CEB8-8B4A-11D0-8D11-00A0C91BC942}") = "sfml-network", "src\SFML\Network\sfml-network.vcxproj", "{ECBA5200-08ED-38C8-B25D-943C5D739ED4}"
	ProjectSection(ProjectDependencies) = postProject
		{E2232996-5395-3979-8338-DBA93018D40F} = {E2232996-5395-3979-8338-DBA93018D40F}
		{A7DC8468-4A90-3EBE-8613-554533DAE2AB} = {A7DC8468-4A90-3EBE-8613-554533DAE2AB}
	EndProjectSection
EndProject
Project("{8BC9CEB8-8B4A-11D0-8D11-00A0C91BC942}") = "sfml-system", "src\SFML\System\sfml-system.vcxproj", "{A7DC8468-4A90-3EBE-8613-554533DAE2AB}"
	ProjectSection(ProjectDependencies) = postProject
		{E2232996-5395-3979-8338-DBA93018D40F} = {E2232996-5395-3979-8338-DBA93018D40F}
	EndProjectSection
EndProject
Project("{8BC9CEB8-8B4A-11D0-8D11-00A0C91BC942}") = "sfml-window", "src\SFML\Window\sfml-window.vcxproj", "{C49AB339-3B15-34A8-9664-0746A4B0D466}"
	ProjectSection(ProjectDependencies) = postProject
		{E2232996-5395-3979-8338-DBA93018D40F} = {E2232996-5395-3979-8338-DBA93018D40F}
		{A7DC8468-4A90-3EBE-8613-554533DAE2AB} = {A7DC8468-4A90-3EBE-8613-554533DAE2AB}
	EndProjectSection
EndProject
Project("{2150E333-8FDC-42A3-9474-1A3956D46DE8}") = "CMake", "CMake", "{517B4CAB-9794-365D-9003-E08FDEE583B2}"
EndProject
Project("{2150E333-8FDC-42A3-9474-1A3956D46DE8}") = "SFML", "SFML", "{2F6A9986-FED2-3F06-84CA-83A1CC2210BE}"
EndProject
Project("{8BC9CEB8-8B4A-11D0-8D11-00A0C91BC942}") = "UndertaleTest", "..\UndertaleTest\UndertaleTest.vcxproj", "{4D7E89BC-26F6-407C-B625-6DF2B647D633}"
EndProject
Global
	GlobalSection(SolutionConfigurationPlatforms) = preSolution
		Debug|Win32 = Debug|Win32
		Debug|x64 = Debug|x64
		MinSizeRel|Win32 = MinSizeRel|Win32
		MinSizeRel|x64 = MinSizeRel|x64
		Release|Win32 = Release|Win32
		Release|x64 = Release|x64
		RelWithDebInfo|Win32 = RelWithDebInfo|Win32
		RelWithDebInfo|x64 = RelWithDebInfo|x64
	EndGlobalSection
	GlobalSection(ProjectConfigurationPlatforms) = postSolution
		{80619711-C990-3FBF-A515-9ECA54BAD054}.Debug|Win32.ActiveCfg = Debug|Win32
		{80619711-C990-3FBF-A515-9ECA54BAD054}.Debug|Win32.Build.0 = Debug|Win32
		{80619711-C990-3FBF-A515-9ECA54BAD054}.Debug|x64.ActiveCfg = Debug|Win32
		{80619711-C990-3FBF-A515-9ECA54BAD054}.MinSizeRel|Win32.ActiveCfg = MinSizeRel|Win32
		{80619711-C990-3FBF-A515-9ECA54BAD054}.MinSizeRel|Win32.Build.0 = MinSizeRel|Win32
		{80619711-C990-3FBF-A515-9ECA54BAD054}.MinSizeRel|x64.ActiveCfg = MinSizeRel|Win32
		{80619711-C990-3FBF-A515-9ECA54BAD054}.Release|Win32.ActiveCfg = Release|Win32
		{80619711-C990-3FBF-A515-9ECA54BAD054}.Release|Win32.Build.0 = Release|Win32
		{80619711-C990-3FBF-A515-9ECA54BAD054}.Release|x64.ActiveCfg = Release|Win32
		{80619711-C990-3FBF-A515-9ECA54BAD054}.RelWithDebInfo|Win32.ActiveCfg = RelWithDebInfo|Win32
		{80619711-C990-3FBF-A515-9ECA54BAD054}.RelWithDebInfo|Win32.Build.0 = RelWithDebInfo|Win32
		{80619711-C990-3FBF-A515-9ECA54BAD054}.RelWithDebInfo|x64.ActiveCfg = RelWithDebInfo|Win32
		{9577DD28-FF96-32A6-ABF8-A4653323A09C}.Debug|Win32.ActiveCfg = Debug|Win32
		{9577DD28-FF96-32A6-ABF8-A4653323A09C}.Debug|x64.ActiveCfg = Debug|Win32
		{9577DD28-FF96-32A6-ABF8-A4653323A09C}.MinSizeRel|Win32.ActiveCfg = MinSizeRel|Win32
		{9577DD28-FF96-32A6-ABF8-A4653323A09C}.MinSizeRel|x64.ActiveCfg = MinSizeRel|Win32
		{9577DD28-FF96-32A6-ABF8-A4653323A09C}.Release|Win32.ActiveCfg = Release|Win32
		{9577DD28-FF96-32A6-ABF8-A4653323A09C}.Release|x64.ActiveCfg = Release|Win32
		{9577DD28-FF96-32A6-ABF8-A4653323A09C}.RelWithDebInfo|Win32.ActiveCfg = RelWithDebInfo|Win32
		{9577DD28-FF96-32A6-ABF8-A4653323A09C}.RelWithDebInfo|x64.ActiveCfg = RelWithDebInfo|Win32
		{E2232996-5395-3979-8338-DBA93018D40F}.Debug|Win32.ActiveCfg = Debug|Win32
		{E2232996-5395-3979-8338-DBA93018D40F}.Debug|Win32.Build.0 = Debug|Win32
		{E2232996-5395-3979-8338-DBA93018D40F}.Debug|x64.ActiveCfg = Debug|Win32
		{E2232996-5395-3979-8338-DBA93018D40F}.MinSizeRel|Win32.ActiveCfg = MinSizeRel|Win32
		{E2232996-5395-3979-8338-DBA93018D40F}.MinSizeRel|Win32.Build.0 = MinSizeRel|Win32
		{E2232996-5395-3979-8338-DBA93018D40F}.MinSizeRel|x64.ActiveCfg = MinSizeRel|Win32
		{E2232996-5395-3979-8338-DBA93018D40F}.Release|Win32.ActiveCfg = Release|Win32
		{E2232996-5395-3979-8338-DBA93018D40F}.Release|Win32.Build.0 = Release|Win32
		{E2232996-5395-3979-8338-DBA93018D40F}.Release|x64.ActiveCfg = Release|Win32
		{E2232996-5395-3979-8338-DBA93018D40F}.RelWithDebInfo|Win32.ActiveCfg = RelWithDebInfo|Win32
		{E2232996-5395-3979-8338-DBA93018D40F}.RelWithDebInfo|Win32.Build.0 = RelWithDebInfo|Win32
		{E2232996-5395-3979-8338-DBA93018D40F}.RelWithDebInfo|x64.ActiveCfg = RelWithDebInfo|Win32
		{89E09D27-5CD1-3150-ADBB-E479D3C1A854}.Debug|Win32.ActiveCfg = Debug|Win32
		{89E09D27-5CD1-3150-ADBB-E479D3C1A854}.Debug|Win32.Build.0 = Debug|Win32
		{89E09D27-5CD1-3150-ADBB-E479D3C1A854}.Debug|x64.ActiveCfg = Debug|Win32
		{89E09D27-5CD1-3150-ADBB-E479D3C1A854}.MinSizeRel|Win32.ActiveCfg = MinSizeRel|Win32
		{89E09D27-5CD1-3150-ADBB-E479D3C1A854}.MinSizeRel|Win32.Build.0 = MinSizeRel|Win32
		{89E09D27-5CD1-3150-ADBB-E479D3C1A854}.MinSizeRel|x64.ActiveCfg = MinSizeRel|Win32
		{89E09D27-5CD1-3150-ADBB-E479D3C1A854}.Release|Win32.ActiveCfg = Release|Win32
		{89E09D27-5CD1-3150-ADBB-E479D3C1A854}.Release|Win32.Build.0 = Release|Win32
		{89E09D27-5CD1-3150-ADBB-E479D3C1A854}.Release|x64.ActiveCfg = Release|Win32
		{89E09D27-5CD1-3150-ADBB-E479D3C1A854}.RelWithDebInfo|Win32.ActiveCfg = RelWithDebInfo|Win32
		{89E09D27-5CD1-3150-ADBB-E479D3C1A854}.RelWithDebInfo|Win32.Build.0 = RelWithDebInfo|Win32
		{89E09D27-5CD1-3150-ADBB-E479D3C1A854}.RelWithDebInfo|x64.ActiveCfg = RelWithDebInfo|Win32
		{E9817DB6-26F2-3352-B716-52F89242E667}.Debug|Win32.ActiveCfg = Debug|Win32
		{E9817DB6-26F2-3352-B716-52F89242E667}.Debug|Win32.Build.0 = Debug|Win32
		{E9817DB6-26F2-3352-B716-52F89242E667}.Debug|x64.ActiveCfg = Debug|Win32
		{E9817DB6-26F2-3352-B716-52F89242E667}.MinSizeRel|Win32.ActiveCfg = MinSizeRel|Win32
		{E9817DB6-26F2-3352-B716-52F89242E667}.MinSizeRel|Win32.Build.0 = MinSizeRel|Win32
		{E9817DB6-26F2-3352-B716-52F89242E667}.MinSizeRel|x64.ActiveCfg = MinSizeRel|Win32
		{E9817DB6-26F2-3352-B716-52F89242E667}.Release|Win32.ActiveCfg = Release|Win32
		{E9817DB6-26F2-3352-B716-52F89242E667}.Release|Win32.Build.0 = Release|Win32
		{E9817DB6-26F2-3352-B716-52F89242E667}.Release|x64.ActiveCfg = Release|Win32
		{E9817DB6-26F2-3352-B716-52F89242E667}.RelWithDebInfo|Win32.ActiveCfg = RelWithDebInfo|Win32
		{E9817DB6-26F2-3352-B716-52F89242E667}.RelWithDebInfo|Win32.Build.0 = RelWithDebInfo|Win32
		{E9817DB6-26F2-3352-B716-52F89242E667}.RelWithDebInfo|x64.ActiveCfg = RelWithDebInfo|Win32
		{48E40581-658D-3FF0-ABA7-8D2C2FEE598F}.Debug|Win32.ActiveCfg = Debug|Win32
		{48E40581-658D-3FF0-ABA7-8D2C2FEE598F}.Debug|Win32.Build.0 = Debug|Win32
		{48E40581-658D-3FF0-ABA7-8D2C2FEE598F}.Debug|x64.ActiveCfg = Debug|Win32
		{48E40581-658D-3FF0-ABA7-8D2C2FEE598F}.MinSizeRel|Win32.ActiveCfg = MinSizeRel|Win32
		{48E40581-658D-3FF0-ABA7-8D2C2FEE598F}.MinSizeRel|Win32.Build.0 = MinSizeRel|Win32
		{48E40581-658D-3FF0-ABA7-8D2C2FEE598F}.MinSizeRel|x64.ActiveCfg = MinSizeRel|Win32
		{48E40581-658D-3FF0-ABA7-8D2C2FEE598F}.Release|Win32.ActiveCfg = Release|Win32
		{48E40581-658D-3FF0-ABA7-8D2C2FEE598F}.Release|Win32.Build.0 = Release|Win32
		{48E40581-658D-3FF0-ABA7-8D2C2FEE598F}.Release|x64.ActiveCfg = Release|Win32
		{48E40581-658D-3FF0-ABA7-8D2C2FEE598F}.RelWithDebInfo|Win32.ActiveCfg = RelWithDebInfo|Win32
		{48E40581-658D-3FF0-ABA7-8D2C2FEE598F}.RelWithDebInfo|Win32.Build.0 = RelWithDebInfo|Win32
		{48E40581-658D-3FF0-ABA7-8D2C2FEE598F}.RelWithDebInfo|x64.ActiveCfg = RelWithDebInfo|Win32
		{ECBA5200-08ED-38C8-B25D-943C5D739ED4}.Debug|Win32.ActiveCfg = Debug|Win32
		{ECBA5200-08ED-38C8-B25D-943C5D739ED4}.Debug|Win32.Build.0 = Debug|Win32
		{ECBA5200-08ED-38C8-B25D-943C5D739ED4}.Debug|x64.ActiveCfg = Debug|Win32
		{ECBA5200-08ED-38C8-B25D-943C5D739ED4}.MinSizeRel|Win32.ActiveCfg = MinSizeRel|Win32
		{ECBA5200-08ED-38C8-B25D-943C5D739ED4}.MinSizeRel|Win32.Build.0 = MinSizeRel|Win32
		{ECBA5200-08ED-38C8-B25D-943C5D739ED4}.MinSizeRel|x64.ActiveCfg = MinSizeRel|Win32
		{ECBA5200-08ED-38C8-B25D-943C5D739ED4}.Release|Win32.ActiveCfg = Release|Win32
		{ECBA5200-08ED-38C8-B25D-943C5D739ED4}.Release|Win32.Build.0 = Release|Win32
		{ECBA5200-08ED-38C8-B25D-943C5D739ED4}.Release|x64.ActiveCfg = Release|Win32
		{ECBA5200-08ED-38C8-B25D-943C5D739ED4}.RelWithDebInfo|Win32.ActiveCfg = RelWithDebInfo|Win32
		{ECBA5200-08ED-38C8-B25D-943C5D739ED4}.RelWithDebInfo|Win32.Build.0 = RelWithDebInfo|Win32
		{ECBA5200-08ED-38C8-B25D-943C5D739ED4}.RelWithDebInfo|x64.ActiveCfg = RelWithDebInfo|Win32
		{A7DC8468-4A90-3EBE-8613-554533DAE2AB}.Debug|Win32.ActiveCfg = Debug|Win32
		{A7DC8468-4A90-3EBE-8613-554533DAE2AB}.Debug|Win32.Build.0 = Debug|Win32
		{A7DC8468-4A90-3EBE-8613-554533DAE2AB}.Debug|x64.ActiveCfg = Debug|Win32
		{A7DC8468-4A90-3EBE-8613-554533DAE2AB}.MinSizeRel|Win32.ActiveCfg = MinSizeRel|Win32
		{A7DC8468-4A90-3EBE-8613-554533DAE2AB}.MinSizeRel|Win32.Build.0 = MinSizeRel|Win32
		{A7DC8468-4A90-3EBE-8613-554533DAE2AB}.MinSizeRel|x64.ActiveCfg = MinSizeRel|Win32
		{A7DC8468-4A90-3EBE-8613-554533DAE2AB}.Release|Win32.ActiveCfg = Release|Win32
		{A7DC8468-4A90-3EBE-8613-554533DAE2AB}.Release|Win32.Build.0 = Release|Win32
		{A7DC8468-4A90-3EBE-8613-554533DAE2AB}.Release|x64.ActiveCfg = Release|Win32
		{A7DC8468-4A90-3EBE-8613-554533DAE2AB}.RelWithDebInfo|Win32.ActiveCfg = RelWithDebInfo|Win32
		{A7DC8468-4A90-3EBE-8613-554533DAE2AB}.RelWithDebInfo|Win32.Build.0 = RelWithDebInfo|Win32
		{A7DC8468-4A90-3EBE-8613-554533DAE2AB}.RelWithDebInfo|x64.ActiveCfg = RelWithDebInfo|Win32
		{C49AB339-3B15-34A8-9664-0746A4B0D466}.Debug|Win32.ActiveCfg = Debug|Win32
		{C49AB339-3B15-34A8-9664-0746A4B0D466}.Debug|Win32.Build.0 = Debug|Win32
		{C49AB339-3B15-34A8-9664-0746A4B0D466}.Debug|x64.ActiveCfg = Debug|Win32
		{C49AB339-3B15-34A8-9664-0746A4B0D466}.MinSizeRel|Win32.ActiveCfg = MinSizeRel|Win32
		{C49AB339-3B15-34A8-9664-0746A4B0D466}.MinSizeRel|Win32.Build.0 = MinSizeRel|Win32
		{C49AB339-3B15-34A8-9664-0746A4B0D466}.MinSizeRel|x64.ActiveCfg = MinSizeRel|Win32
		{C49AB339-3B15-34A8-9664-0746A4B0D466}.Release|Win32.ActiveCfg = Release|Win32
		{C49AB339-3B15-34A8-9664-0746A4B0D466}.Release|Win32.Build.0 = Release|Win32
		{C49AB339-3B15-34A8-9664-0746A4B0D466}.Release|x64.ActiveCfg = Release|Win32
		{C49AB339-3B15-34A8-9664-0746A4B0D466}.RelWithDebInfo|Win32.ActiveCfg = RelWithDebInfo|Win32
		{C49AB339-3B15-34A8-9664-0746A4B0D466}.RelWithDebInfo|Win32.Build.0 = RelWithDebInfo|Win32
		{C49AB339-3B15-34A8-9664-0746A4B0D466}.RelWithDebInfo|x64.ActiveCfg = RelWithDebInfo|Win32
		{4D7E89BC-26F6-407C-B625-6DF2B647D633}.Debug|Win32.ActiveCfg = Debug|Win32
		{4D7E89BC-26F6-407C-B625-6DF2B647D633}.Debug|Win32.Build.0 = Debug|Win32
		{4D7E89BC-26F6-407C-B625-6DF2B647D633}.Debug|x64.ActiveCfg = Debug|x64
		{4D7E89BC-26F6-407C-B625-6DF2B647D633}.Debug|x64.Build.0 = Debug|x64
		{4D7E89BC-26F6-407C-B625-6DF2B647D633}.MinSizeRel|Win32.ActiveCfg = Release|Win32
		{4D7E89BC-26F6-407C-B625-6DF2B647D633}.MinSizeRel|Win32.Build.0 = Release|Win32
		{4D7E89BC-26F6-407C-B625-6DF2B647D633}.MinSizeRel|x64.ActiveCfg = Release|x64
		{4D7E89BC-26F6-407C-B625-6DF2B647D633}.MinSizeRel|x64.Build.0 = Release|x64
		{4D7E89BC-26F6-407C-B625-6DF2B647D633}.Release|Win32.ActiveCfg = Release|Win32
		{4D7E89BC-26F6-407C-B625-6DF2B647D633}.Release|Win32.Build.0 = Release|Win32
		{4D7E89BC-26F6-407C-B625-6DF2B647D633}.Release|x64.ActiveCfg = Release|x64
		{4D7E89BC-26F6-407C-B625-6DF2B647D633}.Release|x64.Build.0 = Release|x64
		{4D7E89BC-26F6-407C-B625-6DF2B647D633}.RelWithDebInfo|Win32.ActiveCfg = Release|Win32
		{4D7E89BC-26F6-407C-B625-6DF2B647D633}.RelWithDebInfo|Win32.Build.0 = Release|Win32
		{4D7E89BC-26F6-407C-B625-6DF2B647D633}.RelWithDebInfo|x64.ActiveCfg = Release|x64
		{4D7E89BC-26F6-407C-B625-6DF2B647D633}.RelWithDebInfo|x64.Build.0 = Release|x64
	EndGlobalSection
	GlobalSection(SolutionProperties) = preSolution
		HideSolutionNode = FALSE
	EndGlobalSection
	GlobalSection(NestedProjects) = preSolution
		{9577DD28-FF96-32A6-ABF8-A4653323A09C} = {517B4CAB-9794-365D-9003-E08FDEE583B2}
		{E2232996-5395-3979-8338-DBA93018D40F} = {517B4CAB-9794-365D-9003-E08FDEE583B2}
		{89E09D27-5CD1-3150-ADBB-E479D3C1A854} = {2F6A9986-FED2-3F06-84CA-83A1CC2210BE}
		{E9817DB6-26F2-3352-B716-52F89242E667} = {2F6A9986-FED2-3F06-84CA-83A1CC2210BE}
		{48E40581-658D-3FF0-ABA7-8D2C2FEE598F} = {2F6A9986-FED2-3F06-84CA-83A1CC2210BE}
		{ECBA5200-08ED-38C8-B25D-943C5D739ED4} = {2F6A9986-FED2-3F06-84CA-83A1CC2210BE}
		{A7DC8468-4A90-3EBE-8613-554533DAE2AB} = {2F6A9986-FED2-3F06-84CA-83A1CC2210BE}
		{C49AB339-3B15-34A8-9664-0746A4B0D466} = {2F6A9986-FED2-3F06-84CA-83A1CC2210BE}
	EndGlobalSection
EndGlobal
