<?xml version="1.0" encoding="UTF-8"?>
<Project ToolsVersion="14.0" xmlns="http://schemas.microsoft.com/developer/msbuild/2003">
  <ItemGroup>
    <ClCompile Include="D:\SFML\build\src\SFML\Graphics\BlendMode.cpp" />
    <ClCompile Include="D:\SFML\build\src\SFML\Graphics\Color.cpp" />
    <ClCompile Include="D:\SFML\build\src\SFML\Graphics\Font.cpp" />
    <ClCompile Include="D:\SFML\build\src\SFML\Graphics\GLCheck.cpp" />
    <ClCompile Include="D:\SFML\build\src\SFML\Graphics\GLExtensions.cpp" />
    <ClCompile Include="D:\SFML\build\src\SFML\Graphics\Image.cpp" />
    <ClCompile Include="D:\SFML\build\src\SFML\Graphics\ImageLoader.cpp" />
    <ClCompile Include="D:\SFML\build\src\SFML\Graphics\RenderStates.cpp" />
    <ClCompile Include="D:\SFML\build\src\SFML\Graphics\RenderTexture.cpp" />
    <ClCompile Include="D:\SFML\build\src\SFML\Graphics\RenderTarget.cpp" />
    <ClCompile Include="D:\SFML\build\src\SFML\Graphics\RenderWindow.cpp" />
    <ClCompile Include="D:\SFML\build\src\SFML\Graphics\Shader.cpp" />
    <ClCompile Include="D:\SFML\build\src\SFML\Graphics\Texture.cpp" />
    <ClCompile Include="D:\SFML\build\src\SFML\Graphics\TextureSaver.cpp" />
    <ClCompile Include="D:\SFML\build\src\SFML\Graphics\Transform.cpp" />
    <ClCompile Include="D:\SFML\build\src\SFML\Graphics\Transformable.cpp" />
    <ClCompile Include="D:\SFML\build\src\SFML\Graphics\View.cpp" />
    <ClCompile Include="D:\SFML\build\src\SFML\Graphics\Vertex.cpp" />
    <ClCompile Include="D:\SFML\build\src\SFML\Graphics\GLLoader.cpp" />
    <ClCompile Include="D:\SFML\build\src\SFML\Graphics\Shape.cpp">
      <Filter>drawables</Filter>
    </ClCompile>
    <ClCompile Include="D:\SFML\build\src\SFML\Graphics\CircleShape.cpp">
      <Filter>drawables</Filter>
    </ClCompile>
    <ClCompile Include="D:\SFML\build\src\SFML\Graphics\RectangleShape.cpp">
      <Filter>drawables</Filter>
    </ClCompile>
    <ClCompile Include="D:\SFML\build\src\SFML\Graphics\ConvexShape.cpp">
      <Filter>drawables</Filter>
    </ClCompile>
    <ClCompile Include="D:\SFML\build\src\SFML\Graphics\Sprite.cpp">
      <Filter>drawables</Filter>
    </ClCompile>
    <ClCompile Include="D:\SFML\build\src\SFML\Graphics\Text.cpp">
      <Filter>drawables</Filter>
    </ClCompile>
    <ClCompile Include="D:\SFML\build\src\SFML\Graphics\VertexArray.cpp">
      <Filter>drawables</Filter>
    </ClCompile>
    <ClCompile Include="D:\SFML\build\src\SFML\Graphics\RenderTextureImpl.cpp">
      <Filter>render texture</Filter>
    </ClCompile>
    <ClCompile Include="D:\SFML\build\src\SFML\Graphics\RenderTextureImplFBO.cpp">
      <Filter>render texture</Filter>
    </ClCompile>
    <ClCompile Include="D:\SFML\build\src\SFML\Graphics\RenderTextureImplDefault.cpp">
      <Filter>render texture</Filter>
    </ClCompile>
  </ItemGroup>
  <ItemGroup>
    <ClInclude Include="D:\SFML\build\include\SFML\Graphics\BlendMode.hpp" />
    <ClInclude Include="D:\SFML\build\include\SFML\Graphics\Color.hpp" />
    <ClInclude Include="D:\SFML\build\include\SFML\Graphics\Export.hpp" />
    <ClInclude Include="D:\SFML\build\include\SFML\Graphics\Font.hpp" />
    <ClInclude Include="D:\SFML\build\include\SFML\Graphics\Glyph.hpp" />
    <ClInclude Include="D:\SFML\build\src\SFML\Graphics\GLCheck.hpp" />
    <ClInclude Include="D:\SFML\build\src\SFML\Graphics\GLExtensions.hpp" />
    <ClInclude Include="D:\SFML\build\include\SFML\Graphics\Image.hpp" />
    <ClInclude Include="D:\SFML\build\src\SFML\Graphics\ImageLoader.hpp" />
    <ClInclude Include="D:\SFML\build\include\SFML\Graphics\PrimitiveType.hpp" />
    <ClInclude Include="D:\SFML\build\include\SFML\Graphics\Rect.hpp" />
    <ClInclude Include="D:\SFML\build\include\SFML\Graphics\Rect.inl" />
    <ClInclude Include="D:\SFML\build\include\SFML\Graphics\RenderStates.hpp" />
    <ClInclude Include="D:\SFML\build\include\SFML\Graphics\RenderTexture.hpp" />
    <ClInclude Include="D:\SFML\build\include\SFML\Graphics\RenderTarget.hpp" />
    <ClInclude Include="D:\SFML\build\include\SFML\Graphics\RenderWindow.hpp" />
    <ClInclude Include="D:\SFML\build\include\SFML\Graphics\Shader.hpp" />
    <ClInclude Include="D:\SFML\build\include\SFML\Graphics\Texture.hpp" />
    <ClInclude Include="D:\SFML\build\src\SFML\Graphics\TextureSaver.hpp" />
    <ClInclude Include="D:\SFML\build\include\SFML\Graphics\Transform.hpp" />
    <ClInclude Include="D:\SFML\build\include\SFML\Graphics\Transformable.hpp" />
    <ClInclude Include="D:\SFML\build\include\SFML\Graphics\View.hpp" />
    <ClInclude Include="D:\SFML\build\include\SFML\Graphics\Vertex.hpp" />
    <ClInclude Include="D:\SFML\build\src\SFML\Graphics\GLLoader.hpp" />
    <ClInclude Include="D:\SFML\build\include\SFML\Graphics\Drawable.hpp">
      <Filter>drawables</Filter>
    </ClInclude>
    <ClInclude Include="D:\SFML\build\include\SFML\Graphics\Shape.hpp">
      <Filter>drawables</Filter>
    </ClInclude>
    <ClInclude Include="D:\SFML\build\include\SFML\Graphics\CircleShape.hpp">
      <Filter>drawables</Filter>
    </ClInclude>
    <ClInclude Include="D:\SFML\build\include\SFML\Graphics\RectangleShape.hpp">
      <Filter>drawables</Filter>
    </ClInclude>
    <ClInclude Include="D:\SFML\build\include\SFML\Graphics\ConvexShape.hpp">
      <Filter>drawables</Filter>
    </ClInclude>
    <ClInclude Include="D:\SFML\build\include\SFML\Graphics\Sprite.hpp">
      <Filter>drawables</Filter>
    </ClInclude>
    <ClInclude Include="D:\SFML\build\include\SFML\Graphics\Text.hpp">
      <Filter>drawables</Filter>
    </ClInclude>
    <ClInclude Include="D:\SFML\build\include\SFML\Graphics\VertexArray.hpp">
      <Filter>drawables</Filter>
    </ClInclude>
    <ClInclude Include="D:\SFML\build\src\SFML\Graphics\RenderTextureImpl.hpp">
      <Filter>render texture</Filter>
    </ClInclude>
    <ClInclude Include="D:\SFML\build\src\SFML\Graphics\RenderTextureImplFBO.hpp">
      <Filter>render texture</Filter>
    </ClInclude>
    <ClInclude Include="D:\SFML\build\src\SFML\Graphics\RenderTextureImplDefault.hpp">
      <Filter>render texture</Filter>
    </ClInclude>
  </ItemGroup>
  <ItemGroup>
    <CustomBuild Include="D:\SFML\build\src\SFML\Graphics\CMakeLists.txt" />
  </ItemGroup>
  <ItemGroup>
    <Filter Include="drawables">
      <UniqueIdentifier>{13AFC2B8-4B02-3056-8A21-4DC8B2C3D1BB}</UniqueIdentifier>
    </Filter>
    <Filter Include="render texture">
      <UniqueIdentifier>{4586B502-BC4E-3484-AE99-19604E28A77E}</UniqueIdentifier>
    </Filter>
  </ItemGroup>
</Project>
