<?xml version="1.0" encoding="UTF-8"?>
<Project ToolsVersion="14.0" xmlns="http://schemas.microsoft.com/developer/msbuild/2003">
  <ItemGroup>
    <CustomBuild Include="C:\Users\Paul\Documents\GitHub\Cocos2dx-Undertale-Engine\UndertaleSFML\SFML\build32\CMakeFiles\1c117d3b9cef9a0b219e2af6f6c299fb\INSTALL_force.rule">
      <Filter>CMake Rules</Filter>
    </CustomBuild>
  </ItemGroup>
  <ItemGroup>
    <Filter Include="CMake Rules">
      <UniqueIdentifier>{FEDD76DE-4FF8-35AE-AE8E-298957AA2ADF}</UniqueIdentifier>
    </Filter>
  </ItemGroup>
</Project>
