<?xml version="1.0" encoding="UTF-8"?>
<Project ToolsVersion="14.0" xmlns="http://schemas.microsoft.com/developer/msbuild/2003">
  <ItemGroup>
    <CustomBuild Include="D:\SFML\undertale\CMakeFiles\55b304c5aa403bd16c6c8fdfecc6777f\INSTALL_force.rule">
      <Filter>CMake Rules</Filter>
    </CustomBuild>
  </ItemGroup>
  <ItemGroup>
    <Filter Include="CMake Rules">
      <UniqueIdentifier>{0FBEED24-4472-3408-AC8E-442AEEF697C4}</UniqueIdentifier>
    </Filter>
  </ItemGroup>
</Project>
