Microsoft Visual Studio Solution File, Format Version 12.00
# Visual Studio 14
Project("{8BC9CEB8-8B4A-11D0-8D11-00A0C91BC942}") = "ALL_BUILD", "ALL_BUILD.vcxproj", "{7940A072-8529-371C-808C-4BE1A61965D9}"
	ProjectSection(ProjectDependencies) = postProject
		{77EEF79F-178E-3E56-95EB-3355FFCCE811} = {77EEF79F-178E-3E56-95EB-3355FFCCE811}
		{7AA5EE86-BF83-3963-A3CD-35B20B3CE40E} = {7AA5EE86-BF83-3963-A3CD-35B20B3CE40E}
		{0C14F8DF-E1E6-36B2-BAA8-8FBC0BCBAD58} = {0C14F8DF-E1E6-36B2-BAA8-8FBC0BCBAD58}
		{3845C3A6-C61F-33EE-8C69-B27838E9836E} = {3845C3A6-C61F-33EE-8C69-B27838E9836E}
		{EC4EA039-0EDD-35C3-91C9-AA2924A88E2E} = {EC4EA039-0EDD-35C3-91C9-AA2924A88E2E}
		{B47A4851-0421-389D-8247-A9E599D79C8F} = {B47A4851-0421-389D-8247-A9E599D79C8F}
		{D08E4DA9-A13B-310C-87B6-2B90E97E6468} = {D08E4DA9-A13B-310C-87B6-2B90E97E6468}
	EndProjectSection
EndProject
Project("{8BC9CEB8-8B4A-11D0-8D11-00A0C91BC942}") = "INSTALL", "INSTALL.vcxproj", "{CD74703E-A8C9-3260-946B-97C50EF0A880}"
	ProjectSection(ProjectDependencies) = postProject
		{7940A072-8529-371C-808C-4BE1A61965D9} = {7940A072-8529-371C-808C-4BE1A61965D9}
	EndProjectSection
EndProject
Project("{8BC9CEB8-8B4A-11D0-8D11-00A0C91BC942}") = "ZERO_CHECK", "ZERO_CHECK.vcxproj", "{77EEF79F-178E-3E56-95EB-3355FFCCE811}"
	ProjectSection(ProjectDependencies) = postProject
	EndProjectSection
EndProject
Project("{8BC9CEB8-8B4A-11D0-8D11-00A0C91BC942}") = "sfml-audio", "src\SFML\Audio\sfml-audio.vcxproj", "{7AA5EE86-BF83-3963-A3CD-35B20B3CE40E}"
	ProjectSection(ProjectDependencies) = postProject
		{77EEF79F-178E-3E56-95EB-3355FFCCE811} = {77EEF79F-178E-3E56-95EB-3355FFCCE811}
		{B47A4851-0421-389D-8247-A9E599D79C8F} = {B47A4851-0421-389D-8247-A9E599D79C8F}
	EndProjectSection
EndProject
Project("{8BC9CEB8-8B4A-11D0-8D11-00A0C91BC942}") = "sfml-graphics", "src\SFML\Graphics\sfml-graphics.vcxproj", "{0C14F8DF-E1E6-36B2-BAA8-8FBC0BCBAD58}"
	ProjectSection(ProjectDependencies) = postProject
		{77EEF79F-178E-3E56-95EB-3355FFCCE811} = {77EEF79F-178E-3E56-95EB-3355FFCCE811}
		{B47A4851-0421-389D-8247-A9E599D79C8F} = {B47A4851-0421-389D-8247-A9E599D79C8F}
		{D08E4DA9-A13B-310C-87B6-2B90E97E6468} = {D08E4DA9-A13B-310C-87B6-2B90E97E6468}
	EndProjectSection
EndProject
Project("{8BC9CEB8-8B4A-11D0-8D11-00A0C91BC942}") = "sfml-main", "src\SFML\Main\sfml-main.vcxproj", "{3845C3A6-C61F-33EE-8C69-B27838E9836E}"
	ProjectSection(ProjectDependencies) = postProject
		{77EEF79F-178E-3E56-95EB-3355FFCCE811} = {77EEF79F-178E-3E56-95EB-3355FFCCE811}
	EndProjectSection
EndProject
Project("{8BC9CEB8-8B4A-11D0-8D11-00A0C91BC942}") = "sfml-network", "src\SFML\Network\sfml-network.vcxproj", "{EC4EA039-0EDD-35C3-91C9-AA2924A88E2E}"
	ProjectSection(ProjectDependencies) = postProject
		{77EEF79F-178E-3E56-95EB-3355FFCCE811} = {77EEF79F-178E-3E56-95EB-3355FFCCE811}
		{B47A4851-0421-389D-8247-A9E599D79C8F} = {B47A4851-0421-389D-8247-A9E599D79C8F}
	EndProjectSection
EndProject
Project("{8BC9CEB8-8B4A-11D0-8D11-00A0C91BC942}") = "sfml-system", "src\SFML\System\sfml-system.vcxproj", "{B47A4851-0421-389D-8247-A9E599D79C8F}"
	ProjectSection(ProjectDependencies) = postProject
		{77EEF79F-178E-3E56-95EB-3355FFCCE811} = {77EEF79F-178E-3E56-95EB-3355FFCCE811}
	EndProjectSection
EndProject
Project("{8BC9CEB8-8B4A-11D0-8D11-00A0C91BC942}") = "sfml-window", "src\SFML\Window\sfml-window.vcxproj", "{D08E4DA9-A13B-310C-87B6-2B90E97E6468}"
	ProjectSection(ProjectDependencies) = postProject
		{77EEF79F-178E-3E56-95EB-3355FFCCE811} = {77EEF79F-178E-3E56-95EB-3355FFCCE811}
		{B47A4851-0421-389D-8247-A9E599D79C8F} = {B47A4851-0421-389D-8247-A9E599D79C8F}
	EndProjectSection
EndProject
Project("{2150E333-8FDC-42A3-9474-1A3956D46DE8}") = "CMake", "CMake", "{5992BAEA-2A9E-3FA1-85CF-20C314D1758E}"
EndProject
Project("{2150E333-8FDC-42A3-9474-1A3956D46DE8}") = "SFML", "SFML", "{D2FDB6CC-7125-31F5-BB05-71D169D2E96A}"
EndProject
Global
	GlobalSection(SolutionConfigurationPlatforms) = preSolution
		Debug|Win32 = Debug|Win32
		Release|Win32 = Release|Win32
		MinSizeRel|Win32 = MinSizeRel|Win32
		RelWithDebInfo|Win32 = RelWithDebInfo|Win32
	EndGlobalSection
	GlobalSection(ProjectConfigurationPlatforms) = postSolution
		{7940A072-8529-371C-808C-4BE1A61965D9}.Debug|Win32.ActiveCfg = Debug|Win32
		{7940A072-8529-371C-808C-4BE1A61965D9}.Debug|Win32.Build.0 = Debug|Win32
		{7940A072-8529-371C-808C-4BE1A61965D9}.Release|Win32.ActiveCfg = Release|Win32
		{7940A072-8529-371C-808C-4BE1A61965D9}.Release|Win32.Build.0 = Release|Win32
		{7940A072-8529-371C-808C-4BE1A61965D9}.MinSizeRel|Win32.ActiveCfg = MinSizeRel|Win32
		{7940A072-8529-371C-808C-4BE1A61965D9}.MinSizeRel|Win32.Build.0 = MinSizeRel|Win32
		{7940A072-8529-371C-808C-4BE1A61965D9}.RelWithDebInfo|Win32.ActiveCfg = RelWithDebInfo|Win32
		{7940A072-8529-371C-808C-4BE1A61965D9}.RelWithDebInfo|Win32.Build.0 = RelWithDebInfo|Win32
		{CD74703E-A8C9-3260-946B-97C50EF0A880}.Debug|Win32.ActiveCfg = Debug|Win32
		{CD74703E-A8C9-3260-946B-97C50EF0A880}.Release|Win32.ActiveCfg = Release|Win32
		{CD74703E-A8C9-3260-946B-97C50EF0A880}.MinSizeRel|Win32.ActiveCfg = MinSizeRel|Win32
		{CD74703E-A8C9-3260-946B-97C50EF0A880}.RelWithDebInfo|Win32.ActiveCfg = RelWithDebInfo|Win32
		{77EEF79F-178E-3E56-95EB-3355FFCCE811}.Debug|Win32.ActiveCfg = Debug|Win32
		{77EEF79F-178E-3E56-95EB-3355FFCCE811}.Debug|Win32.Build.0 = Debug|Win32
		{77EEF79F-178E-3E56-95EB-3355FFCCE811}.Release|Win32.ActiveCfg = Release|Win32
		{77EEF79F-178E-3E56-95EB-3355FFCCE811}.Release|Win32.Build.0 = Release|Win32
		{77EEF79F-178E-3E56-95EB-3355FFCCE811}.MinSizeRel|Win32.ActiveCfg = MinSizeRel|Win32
		{77EEF79F-178E-3E56-95EB-3355FFCCE811}.MinSizeRel|Win32.Build.0 = MinSizeRel|Win32
		{77EEF79F-178E-3E56-95EB-3355FFCCE811}.RelWithDebInfo|Win32.ActiveCfg = RelWithDebInfo|Win32
		{77EEF79F-178E-3E56-95EB-3355FFCCE811}.RelWithDebInfo|Win32.Build.0 = RelWithDebInfo|Win32
		{7AA5EE86-BF83-3963-A3CD-35B20B3CE40E}.Debug|Win32.ActiveCfg = Debug|Win32
		{7AA5EE86-BF83-3963-A3CD-35B20B3CE40E}.Debug|Win32.Build.0 = Debug|Win32
		{7AA5EE86-BF83-3963-A3CD-35B20B3CE40E}.Release|Win32.ActiveCfg = Release|Win32
		{7AA5EE86-BF83-3963-A3CD-35B20B3CE40E}.Release|Win32.Build.0 = Release|Win32
		{7AA5EE86-BF83-3963-A3CD-35B20B3CE40E}.MinSizeRel|Win32.ActiveCfg = MinSizeRel|Win32
		{7AA5EE86-BF83-3963-A3CD-35B20B3CE40E}.MinSizeRel|Win32.Build.0 = MinSizeRel|Win32
		{7AA5EE86-BF83-3963-A3CD-35B20B3CE40E}.RelWithDebInfo|Win32.ActiveCfg = RelWithDebInfo|Win32
		{7AA5EE86-BF83-3963-A3CD-35B20B3CE40E}.RelWithDebInfo|Win32.Build.0 = RelWithDebInfo|Win32
		{0C14F8DF-E1E6-36B2-BAA8-8FBC0BCBAD58}.Debug|Win32.ActiveCfg = Debug|Win32
		{0C14F8DF-E1E6-36B2-BAA8-8FBC0BCBAD58}.Debug|Win32.Build.0 = Debug|Win32
		{0C14F8DF-E1E6-36B2-BAA8-8FBC0BCBAD58}.Release|Win32.ActiveCfg = Release|Win32
		{0C14F8DF-E1E6-36B2-BAA8-8FBC0BCBAD58}.Release|Win32.Build.0 = Release|Win32
		{0C14F8DF-E1E6-36B2-BAA8-8FBC0BCBAD58}.MinSizeRel|Win32.ActiveCfg = MinSizeRel|Win32
		{0C14F8DF-E1E6-36B2-BAA8-8FBC0BCBAD58}.MinSizeRel|Win32.Build.0 = MinSizeRel|Win32
		{0C14F8DF-E1E6-36B2-BAA8-8FBC0BCBAD58}.RelWithDebInfo|Win32.ActiveCfg = RelWithDebInfo|Win32
		{0C14F8DF-E1E6-36B2-BAA8-8FBC0BCBAD58}.RelWithDebInfo|Win32.Build.0 = RelWithDebInfo|Win32
		{3845C3A6-C61F-33EE-8C69-B27838E9836E}.Debug|Win32.ActiveCfg = Debug|Win32
		{3845C3A6-C61F-33EE-8C69-B27838E9836E}.Debug|Win32.Build.0 = Debug|Win32
		{3845C3A6-C61F-33EE-8C69-B27838E9836E}.Release|Win32.ActiveCfg = Release|Win32
		{3845C3A6-C61F-33EE-8C69-B27838E9836E}.Release|Win32.Build.0 = Release|Win32
		{3845C3A6-C61F-33EE-8C69-B27838E9836E}.MinSizeRel|Win32.ActiveCfg = MinSizeRel|Win32
		{3845C3A6-C61F-33EE-8C69-B27838E9836E}.MinSizeRel|Win32.Build.0 = MinSizeRel|Win32
		{3845C3A6-C61F-33EE-8C69-B27838E9836E}.RelWithDebInfo|Win32.ActiveCfg = RelWithDebInfo|Win32
		{3845C3A6-C61F-33EE-8C69-B27838E9836E}.RelWithDebInfo|Win32.Build.0 = RelWithDebInfo|Win32
		{EC4EA039-0EDD-35C3-91C9-AA2924A88E2E}.Debug|Win32.ActiveCfg = Debug|Win32
		{EC4EA039-0EDD-35C3-91C9-AA2924A88E2E}.Debug|Win32.Build.0 = Debug|Win32
		{EC4EA039-0EDD-35C3-91C9-AA2924A88E2E}.Release|Win32.ActiveCfg = Release|Win32
		{EC4EA039-0EDD-35C3-91C9-AA2924A88E2E}.Release|Win32.Build.0 = Release|Win32
		{EC4EA039-0EDD-35C3-91C9-AA2924A88E2E}.MinSizeRel|Win32.ActiveCfg = MinSizeRel|Win32
		{EC4EA039-0EDD-35C3-91C9-AA2924A88E2E}.MinSizeRel|Win32.Build.0 = MinSizeRel|Win32
		{EC4EA039-0EDD-35C3-91C9-AA2924A88E2E}.RelWithDebInfo|Win32.ActiveCfg = RelWithDebInfo|Win32
		{EC4EA039-0EDD-35C3-91C9-AA2924A88E2E}.RelWithDebInfo|Win32.Build.0 = RelWithDebInfo|Win32
		{B47A4851-0421-389D-8247-A9E599D79C8F}.Debug|Win32.ActiveCfg = Debug|Win32
		{B47A4851-0421-389D-8247-A9E599D79C8F}.Debug|Win32.Build.0 = Debug|Win32
		{B47A4851-0421-389D-8247-A9E599D79C8F}.Release|Win32.ActiveCfg = Release|Win32
		{B47A4851-0421-389D-8247-A9E599D79C8F}.Release|Win32.Build.0 = Release|Win32
		{B47A4851-0421-389D-8247-A9E599D79C8F}.MinSizeRel|Win32.ActiveCfg = MinSizeRel|Win32
		{B47A4851-0421-389D-8247-A9E599D79C8F}.MinSizeRel|Win32.Build.0 = MinSizeRel|Win32
		{B47A4851-0421-389D-8247-A9E599D79C8F}.RelWithDebInfo|Win32.ActiveCfg = RelWithDebInfo|Win32
		{B47A4851-0421-389D-8247-A9E599D79C8F}.RelWithDebInfo|Win32.Build.0 = RelWithDebInfo|Win32
		{D08E4DA9-A13B-310C-87B6-2B90E97E6468}.Debug|Win32.ActiveCfg = Debug|Win32
		{D08E4DA9-A13B-310C-87B6-2B90E97E6468}.Debug|Win32.Build.0 = Debug|Win32
		{D08E4DA9-A13B-310C-87B6-2B90E97E6468}.Release|Win32.ActiveCfg = Release|Win32
		{D08E4DA9-A13B-310C-87B6-2B90E97E6468}.Release|Win32.Build.0 = Release|Win32
		{D08E4DA9-A13B-310C-87B6-2B90E97E6468}.MinSizeRel|Win32.ActiveCfg = MinSizeRel|Win32
		{D08E4DA9-A13B-310C-87B6-2B90E97E6468}.MinSizeRel|Win32.Build.0 = MinSizeRel|Win32
		{D08E4DA9-A13B-310C-87B6-2B90E97E6468}.RelWithDebInfo|Win32.ActiveCfg = RelWithDebInfo|Win32
		{D08E4DA9-A13B-310C-87B6-2B90E97E6468}.RelWithDebInfo|Win32.Build.0 = RelWithDebInfo|Win32
	EndGlobalSection
	GlobalSection(NestedProjects) = preSolution
		{CD74703E-A8C9-3260-946B-97C50EF0A880} = {5992BAEA-2A9E-3FA1-85CF-20C314D1758E}
		{77EEF79F-178E-3E56-95EB-3355FFCCE811} = {5992BAEA-2A9E-3FA1-85CF-20C314D1758E}
		{7AA5EE86-BF83-3963-A3CD-35B20B3CE40E} = {D2FDB6CC-7125-31F5-BB05-71D169D2E96A}
		{0C14F8DF-E1E6-36B2-BAA8-8FBC0BCBAD58} = {D2FDB6CC-7125-31F5-BB05-71D169D2E96A}
		{3845C3A6-C61F-33EE-8C69-B27838E9836E} = {D2FDB6CC-7125-31F5-BB05-71D169D2E96A}
		{EC4EA039-0EDD-35C3-91C9-AA2924A88E2E} = {D2FDB6CC-7125-31F5-BB05-71D169D2E96A}
		{B47A4851-0421-389D-8247-A9E599D79C8F} = {D2FDB6CC-7125-31F5-BB05-71D169D2E96A}
		{D08E4DA9-A13B-310C-87B6-2B90E97E6468} = {D2FDB6CC-7125-31F5-BB05-71D169D2E96A}
	EndGlobalSection
	GlobalSection(ExtensibilityGlobals) = postSolution
	EndGlobalSection
	GlobalSection(ExtensibilityAddIns) = postSolution
	EndGlobalSection
EndGlobal
