<?xml version="1.0" encoding="utf-8"?>
<Project ToolsVersion="4.0" xmlns="http://schemas.microsoft.com/developer/msbuild/2003">
  <ItemGroup>
    <Filter Include="win32">
      <UniqueIdentifier>{84a8ebd7-7cf0-47f6-b75e-d441df67da40}</UniqueIdentifier>
    </Filter>
    <Filter Include="resource">
      <UniqueIdentifier>{715254bc-d70b-4ec5-bf29-467dd3ace079}</UniqueIdentifier>
    </Filter>
    <Filter Include="src">
      <UniqueIdentifier>{bb6c862e-70e9-49d9-81b7-3829a6f50471}</UniqueIdentifier>
    </Filter>
    <Filter Include="Lua 5.3.2">
      <UniqueIdentifier>{8d2540d3-e8db-4032-8623-a858dac6313a}</UniqueIdentifier>
    </Filter>
    <Filter Include="libmspack">
      <UniqueIdentifier>{cae37e06-7917-458a-89b0-3ec6bfd4647f}</UniqueIdentifier>
    </Filter>
  </ItemGroup>
  <ItemGroup>
    <ClCompile Include="main.cpp">
      <Filter>win32</Filter>
    </ClCompile>
    <ClCompile Include="..\Classes\AppDelegate.cpp">
      <Filter>src</Filter>
    </ClCompile>
    <ClCompile Include="..\Classes\HelloWorldScene.cpp">
      <Filter>src</Filter>
    </ClCompile>
    <ClCompile Include="..\external\Lua 5.3.2\lapi.c">
      <Filter>Lua 5.3.2</Filter>
    </ClCompile>
    <ClCompile Include="..\external\Lua 5.3.2\lauxlib.c">
      <Filter>Lua 5.3.2</Filter>
    </ClCompile>
    <ClCompile Include="..\external\Lua 5.3.2\lbaselib.c">
      <Filter>Lua 5.3.2</Filter>
    </ClCompile>
    <ClCompile Include="..\external\Lua 5.3.2\lbitlib.c">
      <Filter>Lua 5.3.2</Filter>
    </ClCompile>
    <ClCompile Include="..\external\Lua 5.3.2\lcode.c">
      <Filter>Lua 5.3.2</Filter>
    </ClCompile>
    <ClCompile Include="..\external\Lua 5.3.2\lcorolib.c">
      <Filter>Lua 5.3.2</Filter>
    </ClCompile>
    <ClCompile Include="..\external\Lua 5.3.2\lctype.c">
      <Filter>Lua 5.3.2</Filter>
    </ClCompile>
    <ClCompile Include="..\external\Lua 5.3.2\ldblib.c">
      <Filter>Lua 5.3.2</Filter>
    </ClCompile>
    <ClCompile Include="..\external\Lua 5.3.2\ldebug.c">
      <Filter>Lua 5.3.2</Filter>
    </ClCompile>
    <ClCompile Include="..\external\Lua 5.3.2\ldo.c">
      <Filter>Lua 5.3.2</Filter>
    </ClCompile>
    <ClCompile Include="..\external\Lua 5.3.2\ldump.c">
      <Filter>Lua 5.3.2</Filter>
    </ClCompile>
    <ClCompile Include="..\external\Lua 5.3.2\lfunc.c">
      <Filter>Lua 5.3.2</Filter>
    </ClCompile>
    <ClCompile Include="..\external\Lua 5.3.2\lgc.c">
      <Filter>Lua 5.3.2</Filter>
    </ClCompile>
    <ClCompile Include="..\external\Lua 5.3.2\linit.c">
      <Filter>Lua 5.3.2</Filter>
    </ClCompile>
    <ClCompile Include="..\external\Lua 5.3.2\liolib.c">
      <Filter>Lua 5.3.2</Filter>
    </ClCompile>
    <ClCompile Include="..\external\Lua 5.3.2\llex.c">
      <Filter>Lua 5.3.2</Filter>
    </ClCompile>
    <ClCompile Include="..\external\Lua 5.3.2\lmathlib.c">
      <Filter>Lua 5.3.2</Filter>
    </ClCompile>
    <ClCompile Include="..\external\Lua 5.3.2\lmem.c">
      <Filter>Lua 5.3.2</Filter>
    </ClCompile>
    <ClCompile Include="..\external\Lua 5.3.2\loadlib.c">
      <Filter>Lua 5.3.2</Filter>
    </ClCompile>
    <ClCompile Include="..\external\Lua 5.3.2\lobject.c">
      <Filter>Lua 5.3.2</Filter>
    </ClCompile>
    <ClCompile Include="..\external\Lua 5.3.2\lopcodes.c">
      <Filter>Lua 5.3.2</Filter>
    </ClCompile>
    <ClCompile Include="..\external\Lua 5.3.2\loslib.c">
      <Filter>Lua 5.3.2</Filter>
    </ClCompile>
    <ClCompile Include="..\external\Lua 5.3.2\lparser.c">
      <Filter>Lua 5.3.2</Filter>
    </ClCompile>
    <ClCompile Include="..\external\Lua 5.3.2\lstate.c">
      <Filter>Lua 5.3.2</Filter>
    </ClCompile>
    <ClCompile Include="..\external\Lua 5.3.2\lstring.c">
      <Filter>Lua 5.3.2</Filter>
    </ClCompile>
    <ClCompile Include="..\external\Lua 5.3.2\lstrlib.c">
      <Filter>Lua 5.3.2</Filter>
    </ClCompile>
    <ClCompile Include="..\external\Lua 5.3.2\ltable.c">
      <Filter>Lua 5.3.2</Filter>
    </ClCompile>
    <ClCompile Include="..\external\Lua 5.3.2\ltablib.c">
      <Filter>Lua 5.3.2</Filter>
    </ClCompile>
    <ClCompile Include="..\external\Lua 5.3.2\ltm.c">
      <Filter>Lua 5.3.2</Filter>
    </ClCompile>
    <ClCompile Include="..\external\Lua 5.3.2\lundump.c">
      <Filter>Lua 5.3.2</Filter>
    </ClCompile>
    <ClCompile Include="..\external\Lua 5.3.2\lutf8lib.c">
      <Filter>Lua 5.3.2</Filter>
    </ClCompile>
    <ClCompile Include="..\external\Lua 5.3.2\lvm.c">
      <Filter>Lua 5.3.2</Filter>
    </ClCompile>
    <ClCompile Include="..\external\Lua 5.3.2\lzio.c">
      <Filter>Lua 5.3.2</Filter>
    </ClCompile>
    <ClCompile Include="..\external\libmspack\mspack\cabc.c">
      <Filter>libmspack</Filter>
    </ClCompile>
    <ClCompile Include="..\external\libmspack\mspack\cabd.c">
      <Filter>libmspack</Filter>
    </ClCompile>
    <ClCompile Include="..\external\libmspack\mspack\chmc.c">
      <Filter>libmspack</Filter>
    </ClCompile>
    <ClCompile Include="..\external\libmspack\mspack\chmd.c">
      <Filter>libmspack</Filter>
    </ClCompile>
    <ClCompile Include="..\external\libmspack\mspack\crc32.c">
      <Filter>libmspack</Filter>
    </ClCompile>
    <ClCompile Include="..\external\libmspack\mspack\debug.c">
      <Filter>libmspack</Filter>
    </ClCompile>
    <ClCompile Include="..\external\libmspack\mspack\hlpc.c">
      <Filter>libmspack</Filter>
    </ClCompile>
    <ClCompile Include="..\external\libmspack\mspack\hlpd.c">
      <Filter>libmspack</Filter>
    </ClCompile>
    <ClCompile Include="..\external\libmspack\mspack\kwajc.c">
      <Filter>libmspack</Filter>
    </ClCompile>
    <ClCompile Include="..\external\libmspack\mspack\kwajd.c">
      <Filter>libmspack</Filter>
    </ClCompile>
    <ClCompile Include="..\external\libmspack\mspack\litc.c">
      <Filter>libmspack</Filter>
    </ClCompile>
    <ClCompile Include="..\external\libmspack\mspack\litd.c">
      <Filter>libmspack</Filter>
    </ClCompile>
    <ClCompile Include="..\external\libmspack\mspack\lzssd.c">
      <Filter>libmspack</Filter>
    </ClCompile>
    <ClCompile Include="..\external\libmspack\mspack\lzxc.c">
      <Filter>libmspack</Filter>
    </ClCompile>
    <ClCompile Include="..\external\libmspack\mspack\lzxd.c">
      <Filter>libmspack</Filter>
    </ClCompile>
    <ClCompile Include="..\external\libmspack\mspack\mszipc.c">
      <Filter>libmspack</Filter>
    </ClCompile>
    <ClCompile Include="..\external\libmspack\mspack\mszipd.c">
      <Filter>libmspack</Filter>
    </ClCompile>
    <ClCompile Include="..\external\libmspack\mspack\oabc.c">
      <Filter>libmspack</Filter>
    </ClCompile>
    <ClCompile Include="..\external\libmspack\mspack\oabd.c">
      <Filter>libmspack</Filter>
    </ClCompile>
    <ClCompile Include="..\external\libmspack\mspack\qtmc.c">
      <Filter>libmspack</Filter>
    </ClCompile>
    <ClCompile Include="..\external\libmspack\mspack\qtmd.c">
      <Filter>libmspack</Filter>
    </ClCompile>
    <ClCompile Include="..\external\libmspack\mspack\system.c">
      <Filter>libmspack</Filter>
    </ClCompile>
    <ClCompile Include="..\external\libmspack\mspack\szddc.c">
      <Filter>libmspack</Filter>
    </ClCompile>
    <ClCompile Include="..\external\libmspack\mspack\szddd.c">
      <Filter>libmspack</Filter>
    </ClCompile>
    <ClCompile Include="..\Classes\LuaEngineInternal.cpp">
      <Filter>src</Filter>
    </ClCompile>
    <ClCompile Include="..\Classes\LuaEngine.cpp">
      <Filter>src</Filter>
    </ClCompile>
    <ClCompile Include="..\Classes\CabExtract.cpp">
      <Filter>src</Filter>
    </ClCompile>
    <ClCompile Include="..\Classes\UndertaleResources.cpp">
      <Filter>src</Filter>
    </ClCompile>
    <ClCompile Include="..\Classes\TextWriter.cpp">
      <Filter>src</Filter>
    </ClCompile>
  </ItemGroup>
  <ItemGroup>
    <ClInclude Include="main.h">
      <Filter>win32</Filter>
    </ClInclude>
    <ClInclude Include="..\Classes\AppDelegate.h">
      <Filter>src</Filter>
    </ClInclude>
    <ClInclude Include="..\Classes\HelloWorldScene.h">
      <Filter>src</Filter>
    </ClInclude>
    <ClInclude Include="..\external\Lua 5.3.2\lapi.h">
      <Filter>Lua 5.3.2</Filter>
    </ClInclude>
    <ClInclude Include="..\external\Lua 5.3.2\lauxlib.h">
      <Filter>Lua 5.3.2</Filter>
    </ClInclude>
    <ClInclude Include="..\external\Lua 5.3.2\lcode.h">
      <Filter>Lua 5.3.2</Filter>
    </ClInclude>
    <ClInclude Include="..\external\Lua 5.3.2\lctype.h">
      <Filter>Lua 5.3.2</Filter>
    </ClInclude>
    <ClInclude Include="..\external\Lua 5.3.2\ldebug.h">
      <Filter>Lua 5.3.2</Filter>
    </ClInclude>
    <ClInclude Include="..\external\Lua 5.3.2\ldo.h">
      <Filter>Lua 5.3.2</Filter>
    </ClInclude>
    <ClInclude Include="..\external\Lua 5.3.2\lfunc.h">
      <Filter>Lua 5.3.2</Filter>
    </ClInclude>
    <ClInclude Include="..\external\Lua 5.3.2\lgc.h">
      <Filter>Lua 5.3.2</Filter>
    </ClInclude>
    <ClInclude Include="..\external\Lua 5.3.2\llex.h">
      <Filter>Lua 5.3.2</Filter>
    </ClInclude>
    <ClInclude Include="..\external\Lua 5.3.2\llimits.h">
      <Filter>Lua 5.3.2</Filter>
    </ClInclude>
    <ClInclude Include="..\external\Lua 5.3.2\lmem.h">
      <Filter>Lua 5.3.2</Filter>
    </ClInclude>
    <ClInclude Include="..\external\Lua 5.3.2\lobject.h">
      <Filter>Lua 5.3.2</Filter>
    </ClInclude>
    <ClInclude Include="..\external\Lua 5.3.2\lopcodes.h">
      <Filter>Lua 5.3.2</Filter>
    </ClInclude>
    <ClInclude Include="..\external\Lua 5.3.2\lparser.h">
      <Filter>Lua 5.3.2</Filter>
    </ClInclude>
    <ClInclude Include="..\external\Lua 5.3.2\lprefix.h">
      <Filter>Lua 5.3.2</Filter>
    </ClInclude>
    <ClInclude Include="..\external\Lua 5.3.2\lstate.h">
      <Filter>Lua 5.3.2</Filter>
    </ClInclude>
    <ClInclude Include="..\external\Lua 5.3.2\lstring.h">
      <Filter>Lua 5.3.2</Filter>
    </ClInclude>
    <ClInclude Include="..\external\Lua 5.3.2\ltable.h">
      <Filter>Lua 5.3.2</Filter>
    </ClInclude>
    <ClInclude Include="..\external\Lua 5.3.2\ltm.h">
      <Filter>Lua 5.3.2</Filter>
    </ClInclude>
    <ClInclude Include="..\external\Lua 5.3.2\lua.h">
      <Filter>Lua 5.3.2</Filter>
    </ClInclude>
    <ClInclude Include="..\external\Lua 5.3.2\lua.hpp">
      <Filter>Lua 5.3.2</Filter>
    </ClInclude>
    <ClInclude Include="..\external\Lua 5.3.2\luaconf.h">
      <Filter>Lua 5.3.2</Filter>
    </ClInclude>
    <ClInclude Include="..\external\Lua 5.3.2\lualib.h">
      <Filter>Lua 5.3.2</Filter>
    </ClInclude>
    <ClInclude Include="..\external\Lua 5.3.2\lundump.h">
      <Filter>Lua 5.3.2</Filter>
    </ClInclude>
    <ClInclude Include="..\external\Lua 5.3.2\lvm.h">
      <Filter>Lua 5.3.2</Filter>
    </ClInclude>
    <ClInclude Include="..\external\Lua 5.3.2\lzio.h">
      <Filter>Lua 5.3.2</Filter>
    </ClInclude>
    <ClInclude Include="..\external\libmspack\mspack\cab.h">
      <Filter>libmspack</Filter>
    </ClInclude>
    <ClInclude Include="..\external\libmspack\mspack\chm.h">
      <Filter>libmspack</Filter>
    </ClInclude>
    <ClInclude Include="..\external\libmspack\mspack\config.h">
      <Filter>libmspack</Filter>
    </ClInclude>
    <ClInclude Include="..\external\libmspack\mspack\crc32.h">
      <Filter>libmspack</Filter>
    </ClInclude>
    <ClInclude Include="..\external\libmspack\mspack\des.h">
      <Filter>libmspack</Filter>
    </ClInclude>
    <ClInclude Include="..\external\libmspack\mspack\hlp.h">
      <Filter>libmspack</Filter>
    </ClInclude>
    <ClInclude Include="..\external\libmspack\mspack\kwaj.h">
      <Filter>libmspack</Filter>
    </ClInclude>
    <ClInclude Include="..\external\libmspack\mspack\lit.h">
      <Filter>libmspack</Filter>
    </ClInclude>
    <ClInclude Include="..\external\libmspack\mspack\lzss.h">
      <Filter>libmspack</Filter>
    </ClInclude>
    <ClInclude Include="..\external\libmspack\mspack\lzx.h">
      <Filter>libmspack</Filter>
    </ClInclude>
    <ClInclude Include="..\external\libmspack\mspack\mspack.h">
      <Filter>libmspack</Filter>
    </ClInclude>
    <ClInclude Include="..\external\libmspack\mspack\mszip.h">
      <Filter>libmspack</Filter>
    </ClInclude>
    <ClInclude Include="..\external\libmspack\mspack\oab.h">
      <Filter>libmspack</Filter>
    </ClInclude>
    <ClInclude Include="..\external\libmspack\mspack\qtm.h">
      <Filter>libmspack</Filter>
    </ClInclude>
    <ClInclude Include="..\external\libmspack\mspack\readbits.h">
      <Filter>libmspack</Filter>
    </ClInclude>
    <ClInclude Include="..\external\libmspack\mspack\readhuff.h">
      <Filter>libmspack</Filter>
    </ClInclude>
    <ClInclude Include="..\external\libmspack\mspack\sha.h">
      <Filter>libmspack</Filter>
    </ClInclude>
    <ClInclude Include="..\external\libmspack\mspack\system.h">
      <Filter>libmspack</Filter>
    </ClInclude>
    <ClInclude Include="..\external\libmspack\mspack\szdd.h">
      <Filter>libmspack</Filter>
    </ClInclude>
    <ClInclude Include="..\Classes\binaryReader.h">
      <Filter>src</Filter>
    </ClInclude>
    <ClInclude Include="..\Classes\UndertaleResources.h">
      <Filter>src</Filter>
    </ClInclude>
    <ClInclude Include="..\Classes\LuaEngine.h">
      <Filter>src</Filter>
    </ClInclude>
    <ClInclude Include="..\Classes\TextWriter.h">
      <Filter>src</Filter>
    </ClInclude>
  </ItemGroup>
  <ItemGroup>
    <ResourceCompile Include="game.rc">
      <Filter>resource</Filter>
    </ResourceCompile>
  </ItemGroup>
</Project>